
Microsoft Visual Studio Solution File, Format Version 12.00
# Visual Studio Version 17
VisualStudioVersion = 17.7.34024.191
MinimumVisualStudioVersion = 10.0.40219.1
Project("{8BC9CEB8-8B4A-11D0-8D11-00A0C91BC942}") = "pds_9", "pds_9\pds_9.vcxproj", "{A817FB58-4FEB-4615-8C67-EE9FB309610A}"
EndProject
Project("{8BC9CEB8-8B4A-11D0-8D11-00A0C91BC942}") = "UnitTest1", "UnitTest1\UnitTest1.vcxproj", "{DA36A725-6325-4AAC-AEC5-871711948B11}"
EndProject
Global
	GlobalSection(SolutionConfigurationPlatforms) = preSolution
		Debug|x64 = Debug|x64
		Debug|x86 = Debug|x86
		Release|x64 = Release|x64
		Release|x86 = Release|x86
	EndGlobalSection
	GlobalSection(ProjectConfigurationPlatforms) = postSolution
		{A817FB58-4FEB-4615-8C67-EE9FB309610A}.Debug|x64.ActiveCfg = Debug|x64
		{A817FB58-4FEB-4615-8C67-EE9FB309610A}.Debug|x64.Build.0 = Debug|x64
		{A817FB58-4FEB-4615-8C67-EE9FB309610A}.Debug|x86.ActiveCfg = Debug|Win32
		{A817FB58-4FEB-4615-8C67-EE9FB309610A}.Debug|x86.Build.0 = Debug|Win32
		{A817FB58-4FEB-4615-8C67-EE9FB309610A}.Release|x64.ActiveCfg = Release|x64
		{A817FB58-4FEB-4615-8C67-EE9FB309610A}.Release|x64.Build.0 = Release|x64
		{A817FB58-4FEB-4615-8C67-EE9FB309610A}.Release|x86.ActiveCfg = Release|Win32
		{A817FB58-4FEB-4615-8C67-EE9FB309610A}.Release|x86.Build.0 = Release|Win32
		{DA36A725-6325-4AAC-AEC5-871711948B11}.Debug|x64.ActiveCfg = Debug|x64
		{DA36A725-6325-4AAC-AEC5-871711948B11}.Debug|x64.Build.0 = Debug|x64
		{DA36A725-6325-4AAC-AEC5-871711948B11}.Debug|x86.ActiveCfg = Debug|Win32
		{DA36A725-6325-4AAC-AEC5-871711948B11}.Debug|x86.Build.0 = Debug|Win32
		{DA36A725-6325-4AAC-AEC5-871711948B11}.Release|x64.ActiveCfg = Release|x64
		{DA36A725-6325-4AAC-AEC5-871711948B11}.Release|x64.Build.0 = Release|x64
		{DA36A725-6325-4AAC-AEC5-871711948B11}.Release|x86.ActiveCfg = Release|Win32
		{DA36A725-6325-4AAC-AEC5-871711948B11}.Release|x86.Build.0 = Release|Win32
	EndGlobalSection
	GlobalSection(SolutionProperties) = preSolution
		HideSolutionNode = FALSE
	EndGlobalSection
	GlobalSection(ExtensibilityGlobals) = postSolution
		SolutionGuid = {48062650-EDDE-4D54-B035-03383B289642}
	EndGlobalSection
EndGlobal
